// !$*UTF8*$!
{
	archiveVersion = 1;
	classes = {
	};
	objectVersion = 46;
	objects = {

/* Begin PBXBuildFile section */
		E51A7EB51C0B701A00F76735 /* ShoppingListViewController.swift in Sources */ = {isa = PBXBuildFile; fileRef = E51A7EB41C0B701A00F76735 /* ShoppingListViewController.swift */; };
		E51A7EB91C0B734E00F76735 /* ShoppingProduct.swift in Sources */ = {isa = PBXBuildFile; fileRef = E51A7EB81C0B734E00F76735 /* ShoppingProduct.swift */; };
		E51A7EBB1C0B76C100F76735 /* ShoppingListCell.swift in Sources */ = {isa = PBXBuildFile; fileRef = E51A7EBA1C0B76C100F76735 /* ShoppingListCell.swift */; };
		E54456B31C0518B600E3D730 /* logo.png in Resources */ = {isa = PBXBuildFile; fileRef = E54456B21C0518B600E3D730 /* logo.png */; };
		E54456B61C051B2C00E3D730 /* Fridge.png in Resources */ = {isa = PBXBuildFile; fileRef = E54456B41C051B2C00E3D730 /* Fridge.png */; };
		E54456B71C051B2C00E3D730 /* Search.png in Resources */ = {isa = PBXBuildFile; fileRef = E54456B51C051B2C00E3D730 /* Search.png */; };
		E54456BA1C051B3600E3D730 /* Fridge@2x.png in Resources */ = {isa = PBXBuildFile; fileRef = E54456B81C051B3600E3D730 /* Fridge@2x.png */; };
		E54456BB1C051B3600E3D730 /* Search@2x.png in Resources */ = {isa = PBXBuildFile; fileRef = E54456B91C051B3600E3D730 /* Search@2x.png */; };
		E54456C41C051BE500E3D730 /* FoodPlannerIcon120.png in Resources */ = {isa = PBXBuildFile; fileRef = E54456C21C051BE500E3D730 /* FoodPlannerIcon120.png */; };
		E54456C51C051BE500E3D730 /* FoodPlannerIcon180.png in Resources */ = {isa = PBXBuildFile; fileRef = E54456C31C051BE500E3D730 /* FoodPlannerIcon180.png */; };
		E547FDB51C03789900C4BD9C /* SeachResultTableViewController.swift in Sources */ = {isa = PBXBuildFile; fileRef = E547FDB41C03789900C4BD9C /* SeachResultTableViewController.swift */; };
		E548DA801C0618DB0013A08B /* Launch Screen.storyboard in Resources */ = {isa = PBXBuildFile; fileRef = E548DA7F1C0618DB0013A08B /* Launch Screen.storyboard */; };
		E55933C91C088D7C006C749C /* ScannerViewController .swift in Sources */ = {isa = PBXBuildFile; fileRef = E55933C81C088D7C006C749C /* ScannerViewController .swift */; };
		E55933D01C09003B006C749C /* AudioToolbox.framework in Frameworks */ = {isa = PBXBuildFile; fileRef = E55933CF1C09003B006C749C /* AudioToolbox.framework */; };
		E55933D21C09004A006C749C /* CFNetwork.framework in Frameworks */ = {isa = PBXBuildFile; fileRef = E55933D11C09004A006C749C /* CFNetwork.framework */; };
		E55933D41C090052006C749C /* CoreGraphics.framework in Frameworks */ = {isa = PBXBuildFile; fileRef = E55933D31C090052006C749C /* CoreGraphics.framework */; };
		E55933D61C09005B006C749C /* CoreLocation.framework in Frameworks */ = {isa = PBXBuildFile; fileRef = E55933D51C09005B006C749C /* CoreLocation.framework */; };
		E55933D81C090062006C749C /* QuartzCore.framework in Frameworks */ = {isa = PBXBuildFile; fileRef = E55933D71C090062006C749C /* QuartzCore.framework */; };
		E55933DA1C090069006C749C /* Security.framework in Frameworks */ = {isa = PBXBuildFile; fileRef = E55933D91C090069006C749C /* Security.framework */; };
		E55933DC1C090072006C749C /* StoreKit.framework in Frameworks */ = {isa = PBXBuildFile; fileRef = E55933DB1C090072006C749C /* StoreKit.framework */; };
		E55933DE1C09007C006C749C /* SystemConfiguration.framework in Frameworks */ = {isa = PBXBuildFile; fileRef = E55933DD1C09007C006C749C /* SystemConfiguration.framework */; };
		E55933E01C090085006C749C /* libz.tbd in Frameworks */ = {isa = PBXBuildFile; fileRef = E55933DF1C090085006C749C /* libz.tbd */; };
		E55933E21C090091006C749C /* libsqlite3.tbd in Frameworks */ = {isa = PBXBuildFile; fileRef = E55933E11C090091006C749C /* libsqlite3.tbd */; };
		E56DE9B31C012E8E00A60605 /* Unit.swift in Sources */ = {isa = PBXBuildFile; fileRef = E56DE9B21C012E8E00A60605 /* Unit.swift */; };
		E58DFC201C10E4DE0025A9A4 /* Checkmark-50.png in Resources */ = {isa = PBXBuildFile; fileRef = E58DFC1F1C10E4DE0025A9A4 /* Checkmark-50.png */; };
		E58DFC221C10E5C90025A9A4 /* CheckmarkBlue-50.png in Resources */ = {isa = PBXBuildFile; fileRef = E58DFC211C10E5C90025A9A4 /* CheckmarkBlue-50.png */; };
		E58DFC281C10EB4C0025A9A4 /* logo3.png in Resources */ = {isa = PBXBuildFile; fileRef = E58DFC271C10EB4C0025A9A4 /* logo3.png */; };
		E58DFC2C1C10F1340025A9A4 /* LaunchScreenRetina2HD55.png in Resources */ = {isa = PBXBuildFile; fileRef = E58DFC2B1C10F1340025A9A4 /* LaunchScreenRetina2HD55.png */; };
		E596C9281C13350200EFCEBE /* ProductDetailTableViewController.swift in Sources */ = {isa = PBXBuildFile; fileRef = E596C9271C13350200EFCEBE /* ProductDetailTableViewController.swift */; };
		E5A331DC1C070BFB00A0F81A /* SuggestionViewController.swift in Sources */ = {isa = PBXBuildFile; fileRef = E5A331DB1C070BFB00A0F81A /* SuggestionViewController.swift */; };
		E5AE28191C1605EC005FC0BB /* HighPriorityRed-100.png in Resources */ = {isa = PBXBuildFile; fileRef = E5AE28171C1605EC005FC0BB /* HighPriorityRed-100.png */; };
		E5AE281A1C1605EC005FC0BB /* CheckmarkGreen-100.png in Resources */ = {isa = PBXBuildFile; fileRef = E5AE28181C1605EC005FC0BB /* CheckmarkGreen-100.png */; };
		E5AE281C1C160AAA005FC0BB /* Reach.swift in Sources */ = {isa = PBXBuildFile; fileRef = E5AE281B1C160AAA005FC0BB /* Reach.swift */; };
		E5B170221C1AF2FE00C246BA /* DishDetailWebViewController.swift in Sources */ = {isa = PBXBuildFile; fileRef = E5B170211C1AF2FE00C246BA /* DishDetailWebViewController.swift */; };
		E5B268DD1C0B4C38000BC1B5 /* Bolts.framework in Frameworks */ = {isa = PBXBuildFile; fileRef = E5B268DB1C0B4C38000BC1B5 /* Bolts.framework */; };
		E5B268DE1C0B4C38000BC1B5 /* Parse.framework in Frameworks */ = {isa = PBXBuildFile; fileRef = E5B268DC1C0B4C38000BC1B5 /* Parse.framework */; };
		E5BFF53F1BFE51BE00449496 /* Dish.swift in Sources */ = {isa = PBXBuildFile; fileRef = E5BFF53E1BFE51BE00449496 /* Dish.swift */; };
		E5C5CECA1BFE28EB00B67F14 /* AppDelegate.swift in Sources */ = {isa = PBXBuildFile; fileRef = E5C5CEC91BFE28EB00B67F14 /* AppDelegate.swift */; };
		E5C5CECC1BFE28EB00B67F14 /* FindDishViewController.swift in Sources */ = {isa = PBXBuildFile; fileRef = E5C5CECB1BFE28EB00B67F14 /* FindDishViewController.swift */; };
		E5C5CECF1BFE28EB00B67F14 /* Main.storyboard in Resources */ = {isa = PBXBuildFile; fileRef = E5C5CECD1BFE28EB00B67F14 /* Main.storyboard */; };
		E5C5CED11BFE28EB00B67F14 /* Assets.xcassets in Resources */ = {isa = PBXBuildFile; fileRef = E5C5CED01BFE28EB00B67F14 /* Assets.xcassets */; };
		E5C5CEFA1BFE2E5E00B67F14 /* Product.swift in Sources */ = {isa = PBXBuildFile; fileRef = E5C5CEF91BFE2E5E00B67F14 /* Product.swift */; };
		E5E8431F1C0E3D0200155629 /* Forward100.png in Resources */ = {isa = PBXBuildFile; fileRef = E5E8431E1C0E3D0200155629 /* Forward100.png */; };
		E5E843211C0E3F4800155629 /* AddProductTableViewController.swift in Sources */ = {isa = PBXBuildFile; fileRef = E5E843201C0E3F4800155629 /* AddProductTableViewController.swift */; };
		E5F09DD51C04F4BE000C7C92 /* ProductTableViewCell.swift in Sources */ = {isa = PBXBuildFile; fileRef = E5F09DD41C04F4BE000C7C92 /* ProductTableViewCell.swift */; };
		E5F67A6F1C038A1E004852FF /* DishDetailViewController.swift in Sources */ = {isa = PBXBuildFile; fileRef = E5F67A6E1C038A1E004852FF /* DishDetailViewController.swift */; };
		E5FD65071C010F4400A6B382 /* DBTableViewController.swift in Sources */ = {isa = PBXBuildFile; fileRef = E5FD65061C010F4400A6B382 /* DBTableViewController.swift */; };
/* End PBXBuildFile section */

/* Begin PBXContainerItemProxy section */
		E5C5CEDB1BFE28EB00B67F14 /* PBXContainerItemProxy */ = {
			isa = PBXContainerItemProxy;
			containerPortal = E5C5CEBE1BFE28EB00B67F14 /* Project object */;
			proxyType = 1;
			remoteGlobalIDString = E5C5CEC51BFE28EB00B67F14;
			remoteInfo = "Food Planner";
		};
		E5C5CEE61BFE28EB00B67F14 /* PBXContainerItemProxy */ = {
			isa = PBXContainerItemProxy;
			containerPortal = E5C5CEBE1BFE28EB00B67F14 /* Project object */;
			proxyType = 1;
			remoteGlobalIDString = E5C5CEC51BFE28EB00B67F14;
			remoteInfo = "Food Planner";
		};
/* End PBXContainerItemProxy section */

/* Begin PBXFileReference section */
		E51A7EB41C0B701A00F76735 /* ShoppingListViewController.swift */ = {isa = PBXFileReference; fileEncoding = 4; lastKnownFileType = sourcecode.swift; path = ShoppingListViewController.swift; sourceTree = "<group>"; };
		E51A7EB81C0B734E00F76735 /* ShoppingProduct.swift */ = {isa = PBXFileReference; fileEncoding = 4; lastKnownFileType = sourcecode.swift; path = ShoppingProduct.swift; sourceTree = "<group>"; };
		E51A7EBA1C0B76C100F76735 /* ShoppingListCell.swift */ = {isa = PBXFileReference; fileEncoding = 4; lastKnownFileType = sourcecode.swift; path = ShoppingListCell.swift; sourceTree = "<group>"; };
		E54456B21C0518B600E3D730 /* logo.png */ = {isa = PBXFileReference; lastKnownFileType = image.png; path = logo.png; sourceTree = "<group>"; };
		E54456B41C051B2C00E3D730 /* Fridge.png */ = {isa = PBXFileReference; lastKnownFileType = image.png; path = Fridge.png; sourceTree = "<group>"; };
		E54456B51C051B2C00E3D730 /* Search.png */ = {isa = PBXFileReference; lastKnownFileType = image.png; path = Search.png; sourceTree = "<group>"; };
		E54456B81C051B3600E3D730 /* Fridge@2x.png */ = {isa = PBXFileReference; lastKnownFileType = image.png; path = "Fridge@2x.png"; sourceTree = "<group>"; };
		E54456B91C051B3600E3D730 /* Search@2x.png */ = {isa = PBXFileReference; lastKnownFileType = image.png; path = "Search@2x.png"; sourceTree = "<group>"; };
		E54456C21C051BE500E3D730 /* FoodPlannerIcon120.png */ = {isa = PBXFileReference; lastKnownFileType = image.png; path = FoodPlannerIcon120.png; sourceTree = "<group>"; };
		E54456C31C051BE500E3D730 /* FoodPlannerIcon180.png */ = {isa = PBXFileReference; lastKnownFileType = image.png; path = FoodPlannerIcon180.png; sourceTree = "<group>"; };
		E547FDB41C03789900C4BD9C /* SeachResultTableViewController.swift */ = {isa = PBXFileReference; fileEncoding = 4; lastKnownFileType = sourcecode.swift; path = SeachResultTableViewController.swift; sourceTree = "<group>"; };
		E548DA7F1C0618DB0013A08B /* Launch Screen.storyboard */ = {isa = PBXFileReference; fileEncoding = 4; lastKnownFileType = file.storyboard; path = "Launch Screen.storyboard"; sourceTree = "<group>"; };
		E55933C81C088D7C006C749C /* ScannerViewController .swift */ = {isa = PBXFileReference; fileEncoding = 4; lastKnownFileType = sourcecode.swift; path = "ScannerViewController .swift"; sourceTree = "<group>"; };
		E55933CF1C09003B006C749C /* AudioToolbox.framework */ = {isa = PBXFileReference; lastKnownFileType = wrapper.framework; name = AudioToolbox.framework; path = System/Library/Frameworks/AudioToolbox.framework; sourceTree = SDKROOT; };
		E55933D11C09004A006C749C /* CFNetwork.framework */ = {isa = PBXFileReference; lastKnownFileType = wrapper.framework; name = CFNetwork.framework; path = System/Library/Frameworks/CFNetwork.framework; sourceTree = SDKROOT; };
		E55933D31C090052006C749C /* CoreGraphics.framework */ = {isa = PBXFileReference; lastKnownFileType = wrapper.framework; name = CoreGraphics.framework; path = System/Library/Frameworks/CoreGraphics.framework; sourceTree = SDKROOT; };
		E55933D51C09005B006C749C /* CoreLocation.framework */ = {isa = PBXFileReference; lastKnownFileType = wrapper.framework; name = CoreLocation.framework; path = System/Library/Frameworks/CoreLocation.framework; sourceTree = SDKROOT; };
		E55933D71C090062006C749C /* QuartzCore.framework */ = {isa = PBXFileReference; lastKnownFileType = wrapper.framework; name = QuartzCore.framework; path = System/Library/Frameworks/QuartzCore.framework; sourceTree = SDKROOT; };
		E55933D91C090069006C749C /* Security.framework */ = {isa = PBXFileReference; lastKnownFileType = wrapper.framework; name = Security.framework; path = System/Library/Frameworks/Security.framework; sourceTree = SDKROOT; };
		E55933DB1C090072006C749C /* StoreKit.framework */ = {isa = PBXFileReference; lastKnownFileType = wrapper.framework; name = StoreKit.framework; path = System/Library/Frameworks/StoreKit.framework; sourceTree = SDKROOT; };
		E55933DD1C09007C006C749C /* SystemConfiguration.framework */ = {isa = PBXFileReference; lastKnownFileType = wrapper.framework; name = SystemConfiguration.framework; path = System/Library/Frameworks/SystemConfiguration.framework; sourceTree = SDKROOT; };
		E55933DF1C090085006C749C /* libz.tbd */ = {isa = PBXFileReference; lastKnownFileType = "sourcecode.text-based-dylib-definition"; name = libz.tbd; path = usr/lib/libz.tbd; sourceTree = SDKROOT; };
		E55933E11C090091006C749C /* libsqlite3.tbd */ = {isa = PBXFileReference; lastKnownFileType = "sourcecode.text-based-dylib-definition"; name = libsqlite3.tbd; path = usr/lib/libsqlite3.tbd; sourceTree = SDKROOT; };
		E56DE9B21C012E8E00A60605 /* Unit.swift */ = {isa = PBXFileReference; fileEncoding = 4; lastKnownFileType = sourcecode.swift; path = Unit.swift; sourceTree = "<group>"; };
		E58DFC1F1C10E4DE0025A9A4 /* Checkmark-50.png */ = {isa = PBXFileReference; lastKnownFileType = image.png; path = "Checkmark-50.png"; sourceTree = "<group>"; };
		E58DFC211C10E5C90025A9A4 /* CheckmarkBlue-50.png */ = {isa = PBXFileReference; lastKnownFileType = image.png; path = "CheckmarkBlue-50.png"; sourceTree = "<group>"; };
		E58DFC271C10EB4C0025A9A4 /* logo3.png */ = {isa = PBXFileReference; lastKnownFileType = image.png; path = logo3.png; sourceTree = "<group>"; };
		E58DFC2B1C10F1340025A9A4 /* LaunchScreenRetina2HD55.png */ = {isa = PBXFileReference; lastKnownFileType = image.png; path = LaunchScreenRetina2HD55.png; sourceTree = "<group>"; };
		E596C9271C13350200EFCEBE /* ProductDetailTableViewController.swift */ = {isa = PBXFileReference; fileEncoding = 4; lastKnownFileType = sourcecode.swift; path = ProductDetailTableViewController.swift; sourceTree = "<group>"; };
		E5A331DB1C070BFB00A0F81A /* SuggestionViewController.swift */ = {isa = PBXFileReference; fileEncoding = 4; lastKnownFileType = sourcecode.swift; path = SuggestionViewController.swift; sourceTree = "<group>"; };
		E5AE28171C1605EC005FC0BB /* HighPriorityRed-100.png */ = {isa = PBXFileReference; lastKnownFileType = image.png; path = "HighPriorityRed-100.png"; sourceTree = "<group>"; };
		E5AE28181C1605EC005FC0BB /* CheckmarkGreen-100.png */ = {isa = PBXFileReference; lastKnownFileType = image.png; path = "CheckmarkGreen-100.png"; sourceTree = "<group>"; };
		E5AE281B1C160AAA005FC0BB /* Reach.swift */ = {isa = PBXFileReference; fileEncoding = 4; lastKnownFileType = sourcecode.swift; path = Reach.swift; sourceTree = "<group>"; };
		E5B170211C1AF2FE00C246BA /* DishDetailWebViewController.swift */ = {isa = PBXFileReference; fileEncoding = 4; lastKnownFileType = sourcecode.swift; path = DishDetailWebViewController.swift; sourceTree = "<group>"; };
		E5B268DB1C0B4C38000BC1B5 /* Bolts.framework */ = {isa = PBXFileReference; lastKnownFileType = wrapper.framework; path = Bolts.framework; sourceTree = "<group>"; };
		E5B268DC1C0B4C38000BC1B5 /* Parse.framework */ = {isa = PBXFileReference; lastKnownFileType = wrapper.framework; path = Parse.framework; sourceTree = "<group>"; };
		E5BFF53E1BFE51BE00449496 /* Dish.swift */ = {isa = PBXFileReference; fileEncoding = 4; lastKnownFileType = sourcecode.swift; path = Dish.swift; sourceTree = "<group>"; };
		E5C5CEC61BFE28EB00B67F14 /* Food Planner.app */ = {isa = PBXFileReference; explicitFileType = wrapper.application; includeInIndex = 0; path = "Food Planner.app"; sourceTree = BUILT_PRODUCTS_DIR; };
		E5C5CEC91BFE28EB00B67F14 /* AppDelegate.swift */ = {isa = PBXFileReference; lastKnownFileType = sourcecode.swift; path = AppDelegate.swift; sourceTree = "<group>"; };
		E5C5CECB1BFE28EB00B67F14 /* FindDishViewController.swift */ = {isa = PBXFileReference; lastKnownFileType = sourcecode.swift; path = FindDishViewController.swift; sourceTree = "<group>"; };
		E5C5CECE1BFE28EB00B67F14 /* Base */ = {isa = PBXFileReference; lastKnownFileType = file.storyboard; name = Base; path = Base.lproj/Main.storyboard; sourceTree = "<group>"; };
		E5C5CED01BFE28EB00B67F14 /* Assets.xcassets */ = {isa = PBXFileReference; lastKnownFileType = folder.assetcatalog; path = Assets.xcassets; sourceTree = "<group>"; };
		E5C5CED51BFE28EB00B67F14 /* Info.plist */ = {isa = PBXFileReference; lastKnownFileType = text.plist.xml; path = Info.plist; sourceTree = "<group>"; };
		E5C5CEDA1BFE28EB00B67F14 /* Food PlannerTests.xctest */ = {isa = PBXFileReference; explicitFileType = wrapper.cfbundle; includeInIndex = 0; path = "Food PlannerTests.xctest"; sourceTree = BUILT_PRODUCTS_DIR; };
		E5C5CEE51BFE28EB00B67F14 /* Food PlannerUITests.xctest */ = {isa = PBXFileReference; explicitFileType = wrapper.cfbundle; includeInIndex = 0; path = "Food PlannerUITests.xctest"; sourceTree = BUILT_PRODUCTS_DIR; };
		E5C5CEF91BFE2E5E00B67F14 /* Product.swift */ = {isa = PBXFileReference; fileEncoding = 4; lastKnownFileType = sourcecode.swift; path = Product.swift; sourceTree = "<group>"; };
		E5E8431E1C0E3D0200155629 /* Forward100.png */ = {isa = PBXFileReference; lastKnownFileType = image.png; path = Forward100.png; sourceTree = "<group>"; };
		E5E843201C0E3F4800155629 /* AddProductTableViewController.swift */ = {isa = PBXFileReference; fileEncoding = 4; lastKnownFileType = sourcecode.swift; path = AddProductTableViewController.swift; sourceTree = "<group>"; };
		E5F09DD41C04F4BE000C7C92 /* ProductTableViewCell.swift */ = {isa = PBXFileReference; fileEncoding = 4; lastKnownFileType = sourcecode.swift; path = ProductTableViewCell.swift; sourceTree = "<group>"; };
		E5F67A6E1C038A1E004852FF /* DishDetailViewController.swift */ = {isa = PBXFileReference; fileEncoding = 4; lastKnownFileType = sourcecode.swift; path = DishDetailViewController.swift; sourceTree = "<group>"; };
		E5FD65061C010F4400A6B382 /* DBTableViewController.swift */ = {isa = PBXFileReference; fileEncoding = 4; lastKnownFileType = sourcecode.swift; path = DBTableViewController.swift; sourceTree = "<group>"; };
/* End PBXFileReference section */

/* Begin PBXFrameworksBuildPhase section */
		E5C5CEC31BFE28EB00B67F14 /* Frameworks */ = {
			isa = PBXFrameworksBuildPhase;
			buildActionMask = 2147483647;
			files = (
				E5B268DE1C0B4C38000BC1B5 /* Parse.framework in Frameworks */,
				E55933E21C090091006C749C /* libsqlite3.tbd in Frameworks */,
				E55933E01C090085006C749C /* libz.tbd in Frameworks */,
				E55933DE1C09007C006C749C /* SystemConfiguration.framework in Frameworks */,
				E55933DC1C090072006C749C /* StoreKit.framework in Frameworks */,
				E55933DA1C090069006C749C /* Security.framework in Frameworks */,
				E55933D81C090062006C749C /* QuartzCore.framework in Frameworks */,
				E5B268DD1C0B4C38000BC1B5 /* Bolts.framework in Frameworks */,
				E55933D61C09005B006C749C /* CoreLocation.framework in Frameworks */,
				E55933D41C090052006C749C /* CoreGraphics.framework in Frameworks */,
				E55933D21C09004A006C749C /* CFNetwork.framework in Frameworks */,
				E55933D01C09003B006C749C /* AudioToolbox.framework in Frameworks */,
			);
			runOnlyForDeploymentPostprocessing = 0;
		};
		E5C5CED71BFE28EB00B67F14 /* Frameworks */ = {
			isa = PBXFrameworksBuildPhase;
			buildActionMask = 2147483647;
			files = (
			);
			runOnlyForDeploymentPostprocessing = 0;
		};
		E5C5CEE21BFE28EB00B67F14 /* Frameworks */ = {
			isa = PBXFrameworksBuildPhase;
			buildActionMask = 2147483647;
			files = (
			);
			runOnlyForDeploymentPostprocessing = 0;
		};
/* End PBXFrameworksBuildPhase section */

/* Begin PBXGroup section */
		E547FDB31C0356AB00C4BD9C /* DataObjects */ = {
			isa = PBXGroup;
			children = (
				E5C5CEF91BFE2E5E00B67F14 /* Product.swift */,
				E56DE9B21C012E8E00A60605 /* Unit.swift */,
				E5BFF53E1BFE51BE00449496 /* Dish.swift */,
				E51A7EB81C0B734E00F76735 /* ShoppingProduct.swift */,
			);
			name = DataObjects;
			sourceTree = "<group>";
		};
		E548DA851C061A8C0013A08B /* Images */ = {
			isa = PBXGroup;
			children = (
				E5AE28171C1605EC005FC0BB /* HighPriorityRed-100.png */,
				E5AE28181C1605EC005FC0BB /* CheckmarkGreen-100.png */,
				E58DFC1F1C10E4DE0025A9A4 /* Checkmark-50.png */,
				E58DFC211C10E5C90025A9A4 /* CheckmarkBlue-50.png */,
				E54456C21C051BE500E3D730 /* FoodPlannerIcon120.png */,
				E54456C31C051BE500E3D730 /* FoodPlannerIcon180.png */,
				E5E8431E1C0E3D0200155629 /* Forward100.png */,
				E54456B41C051B2C00E3D730 /* Fridge.png */,
				E54456B81C051B3600E3D730 /* Fridge@2x.png */,
				E58DFC2B1C10F1340025A9A4 /* LaunchScreenRetina2HD55.png */,
				E54456B21C0518B600E3D730 /* logo.png */,
				E58DFC271C10EB4C0025A9A4 /* logo3.png */,
				E54456B51C051B2C00E3D730 /* Search.png */,
				E54456B91C051B3600E3D730 /* Search@2x.png */,
			);
			name = Images;
			sourceTree = "<group>";
		};
		E55933CA1C089045006C749C /* ViewControllers */ = {
			isa = PBXGroup;
			children = (
				E5E843201C0E3F4800155629 /* AddProductTableViewController.swift */,
				E5FD65061C010F4400A6B382 /* DBTableViewController.swift */,
				E5F67A6E1C038A1E004852FF /* DishDetailViewController.swift */,
				E5B170211C1AF2FE00C246BA /* DishDetailWebViewController.swift */,
				E5C5CECB1BFE28EB00B67F14 /* FindDishViewController.swift */,
				E596C9271C13350200EFCEBE /* ProductDetailTableViewController.swift */,
				E5F09DD41C04F4BE000C7C92 /* ProductTableViewCell.swift */,
				E55933C81C088D7C006C749C /* ScannerViewController .swift */,
				E547FDB41C03789900C4BD9C /* SeachResultTableViewController.swift */,
				E51A7EBA1C0B76C100F76735 /* ShoppingListCell.swift */,
				E51A7EB41C0B701A00F76735 /* ShoppingListViewController.swift */,
				E5A331DB1C070BFB00A0F81A /* SuggestionViewController.swift */,
			);
			name = ViewControllers;
			sourceTree = "<group>";
		};
		E55933E31C09009E006C749C /* FrameWorks */ = {
			isa = PBXGroup;
			children = (
				E5B268DB1C0B4C38000BC1B5 /* Bolts.framework */,
				E5B268DC1C0B4C38000BC1B5 /* Parse.framework */,
				E55933E11C090091006C749C /* libsqlite3.tbd */,
				E55933DF1C090085006C749C /* libz.tbd */,
				E55933DD1C09007C006C749C /* SystemConfiguration.framework */,
				E55933DB1C090072006C749C /* StoreKit.framework */,
				E55933D91C090069006C749C /* Security.framework */,
				E55933D71C090062006C749C /* QuartzCore.framework */,
				E55933D51C09005B006C749C /* CoreLocation.framework */,
				E55933D31C090052006C749C /* CoreGraphics.framework */,
				E55933D11C09004A006C749C /* CFNetwork.framework */,
				E55933CF1C09003B006C749C /* AudioToolbox.framework */,
			);
			name = FrameWorks;
			sourceTree = "<group>";
		};
		E5C5CEBD1BFE28EA00B67F14 = {
			isa = PBXGroup;
			children = (
				E5C5CEC81BFE28EB00B67F14 /* Food Planner */,
				E55933E31C09009E006C749C /* FrameWorks */,
				E5C5CEC71BFE28EB00B67F14 /* Products */,
			);
			sourceTree = "<group>";
		};
		E5C5CEC71BFE28EB00B67F14 /* Products */ = {
			isa = PBXGroup;
			children = (
				E5C5CEC61BFE28EB00B67F14 /* Food Planner.app */,
				E5C5CEDA1BFE28EB00B67F14 /* Food PlannerTests.xctest */,
				E5C5CEE51BFE28EB00B67F14 /* Food PlannerUITests.xctest */,
			);
			name = Products;
			sourceTree = "<group>";
		};
		E5C5CEC81BFE28EB00B67F14 /* Food Planner */ = {
			isa = PBXGroup;
			children = (
				E548DA851C061A8C0013A08B /* Images */,
				E547FDB31C0356AB00C4BD9C /* DataObjects */,
				E55933CA1C089045006C749C /* ViewControllers */,
				E5C5CEC91BFE28EB00B67F14 /* AppDelegate.swift */,
				E5C5CECD1BFE28EB00B67F14 /* Main.storyboard */,
				E5C5CED01BFE28EB00B67F14 /* Assets.xcassets */,
				E5C5CED51BFE28EB00B67F14 /* Info.plist */,
				E548DA7F1C0618DB0013A08B /* Launch Screen.storyboard */,
				E5AE281B1C160AAA005FC0BB /* Reach.swift */,
			);
			path = "Food Planner";
			sourceTree = "<group>";
		};
/* End PBXGroup section */

/* Begin PBXNativeTarget section */
		E5C5CEC51BFE28EB00B67F14 /* Food Planner */ = {
			isa = PBXNativeTarget;
			buildConfigurationList = E5C5CEEE1BFE28EB00B67F14 /* Build configuration list for PBXNativeTarget "Food Planner" */;
			buildPhases = (
				E5C5CEC21BFE28EB00B67F14 /* Sources */,
				E5C5CEC31BFE28EB00B67F14 /* Frameworks */,
				E5C5CEC41BFE28EB00B67F14 /* Resources */,
			);
			buildRules = (
			);
			dependencies = (
			);
			name = "Food Planner";
			productName = "Food Planner";
			productReference = E5C5CEC61BFE28EB00B67F14 /* Food Planner.app */;
			productType = "com.apple.product-type.application";
		};
		E5C5CED91BFE28EB00B67F14 /* Food PlannerTests */ = {
			isa = PBXNativeTarget;
			buildConfigurationList = E5C5CEF11BFE28EB00B67F14 /* Build configuration list for PBXNativeTarget "Food PlannerTests" */;
			buildPhases = (
				E5C5CED61BFE28EB00B67F14 /* Sources */,
				E5C5CED71BFE28EB00B67F14 /* Frameworks */,
				E5C5CED81BFE28EB00B67F14 /* Resources */,
			);
			buildRules = (
			);
			dependencies = (
				E5C5CEDC1BFE28EB00B67F14 /* PBXTargetDependency */,
			);
			name = "Food PlannerTests";
			productName = "Food PlannerTests";
			productReference = E5C5CEDA1BFE28EB00B67F14 /* Food PlannerTests.xctest */;
			productType = "com.apple.product-type.bundle.unit-test";
		};
		E5C5CEE41BFE28EB00B67F14 /* Food PlannerUITests */ = {
			isa = PBXNativeTarget;
			buildConfigurationList = E5C5CEF41BFE28EB00B67F14 /* Build configuration list for PBXNativeTarget "Food PlannerUITests" */;
			buildPhases = (
				E5C5CEE11BFE28EB00B67F14 /* Sources */,
				E5C5CEE21BFE28EB00B67F14 /* Frameworks */,
				E5C5CEE31BFE28EB00B67F14 /* Resources */,
			);
			buildRules = (
			);
			dependencies = (
				E5C5CEE71BFE28EB00B67F14 /* PBXTargetDependency */,
			);
			name = "Food PlannerUITests";
			productName = "Food PlannerUITests";
			productReference = E5C5CEE51BFE28EB00B67F14 /* Food PlannerUITests.xctest */;
			productType = "com.apple.product-type.bundle.ui-testing";
		};
/* End PBXNativeTarget section */

/* Begin PBXProject section */
		E5C5CEBE1BFE28EB00B67F14 /* Project object */ = {
			isa = PBXProject;
			attributes = {
				LastSwiftUpdateCheck = 0710;
				LastUpgradeCheck = 0710;
				ORGANIZATIONNAME = JonasLarsen;
				TargetAttributes = {
					E5C5CEC51BFE28EB00B67F14 = {
						CreatedOnToolsVersion = 7.1.1;
						DevelopmentTeam = P8F8F3278C;
					};
					E5C5CED91BFE28EB00B67F14 = {
						CreatedOnToolsVersion = 7.1.1;
						TestTargetID = E5C5CEC51BFE28EB00B67F14;
					};
					E5C5CEE41BFE28EB00B67F14 = {
						CreatedOnToolsVersion = 7.1.1;
						TestTargetID = E5C5CEC51BFE28EB00B67F14;
					};
				};
			};
			buildConfigurationList = E5C5CEC11BFE28EB00B67F14 /* Build configuration list for PBXProject "Food Planner" */;
			compatibilityVersion = "Xcode 3.2";
			developmentRegion = English;
			hasScannedForEncodings = 0;
			knownRegions = (
				en,
				Base,
			);
			mainGroup = E5C5CEBD1BFE28EA00B67F14;
			productRefGroup = E5C5CEC71BFE28EB00B67F14 /* Products */;
			projectDirPath = "";
			projectRoot = "";
			targets = (
				E5C5CEC51BFE28EB00B67F14 /* Food Planner */,
				E5C5CED91BFE28EB00B67F14 /* Food PlannerTests */,
				E5C5CEE41BFE28EB00B67F14 /* Food PlannerUITests */,
			);
		};
/* End PBXProject section */

/* Begin PBXResourcesBuildPhase section */
		E5C5CEC41BFE28EB00B67F14 /* Resources */ = {
			isa = PBXResourcesBuildPhase;
			buildActionMask = 2147483647;
			files = (
				E58DFC281C10EB4C0025A9A4 /* logo3.png in Resources */,
				E54456BB1C051B3600E3D730 /* Search@2x.png in Resources */,
				E54456B31C0518B600E3D730 /* logo.png in Resources */,
				E54456C51C051BE500E3D730 /* FoodPlannerIcon180.png in Resources */,
				E5AE281A1C1605EC005FC0BB /* CheckmarkGreen-100.png in Resources */,
				E58DFC2C1C10F1340025A9A4 /* LaunchScreenRetina2HD55.png in Resources */,
				E5AE28191C1605EC005FC0BB /* HighPriorityRed-100.png in Resources */,
				E54456C41C051BE500E3D730 /* FoodPlannerIcon120.png in Resources */,
				E54456B71C051B2C00E3D730 /* Search.png in Resources */,
				E548DA801C0618DB0013A08B /* Launch Screen.storyboard in Resources */,
				E5C5CED11BFE28EB00B67F14 /* Assets.xcassets in Resources */,
				E54456B61C051B2C00E3D730 /* Fridge.png in Resources */,
				E5C5CECF1BFE28EB00B67F14 /* Main.storyboard in Resources */,
				E54456BA1C051B3600E3D730 /* Fridge@2x.png in Resources */,
				E5E8431F1C0E3D0200155629 /* Forward100.png in Resources */,
				E58DFC221C10E5C90025A9A4 /* CheckmarkBlue-50.png in Resources */,
				E58DFC201C10E4DE0025A9A4 /* Checkmark-50.png in Resources */,
			);
			runOnlyForDeploymentPostprocessing = 0;
		};
		E5C5CED81BFE28EB00B67F14 /* Resources */ = {
			isa = PBXResourcesBuildPhase;
			buildActionMask = 2147483647;
			files = (
			);
			runOnlyForDeploymentPostprocessing = 0;
		};
		E5C5CEE31BFE28EB00B67F14 /* Resources */ = {
			isa = PBXResourcesBuildPhase;
			buildActionMask = 2147483647;
			files = (
			);
			runOnlyForDeploymentPostprocessing = 0;
		};
/* End PBXResourcesBuildPhase section */

/* Begin PBXSourcesBuildPhase section */
		E5C5CEC21BFE28EB00B67F14 /* Sources */ = {
			isa = PBXSourcesBuildPhase;
			buildActionMask = 2147483647;
			files = (
				E5F67A6F1C038A1E004852FF /* DishDetailViewController.swift in Sources */,
				E547FDB51C03789900C4BD9C /* SeachResultTableViewController.swift in Sources */,
				E5B170221C1AF2FE00C246BA /* DishDetailWebViewController.swift in Sources */,
				E55933C91C088D7C006C749C /* ScannerViewController .swift in Sources */,
				E5C5CECC1BFE28EB00B67F14 /* FindDishViewController.swift in Sources */,
				E51A7EBB1C0B76C100F76735 /* ShoppingListCell.swift in Sources */,
				E5BFF53F1BFE51BE00449496 /* Dish.swift in Sources */,
				E56DE9B31C012E8E00A60605 /* Unit.swift in Sources */,
				E5AE281C1C160AAA005FC0BB /* Reach.swift in Sources */,
				E5F09DD51C04F4BE000C7C92 /* ProductTableViewCell.swift in Sources */,
				E51A7EB91C0B734E00F76735 /* ShoppingProduct.swift in Sources */,
				E5E843211C0E3F4800155629 /* AddProductTableViewController.swift in Sources */,
				E5A331DC1C070BFB00A0F81A /* SuggestionViewController.swift in Sources */,
				E51A7EB51C0B701A00F76735 /* ShoppingListViewController.swift in Sources */,
				E5C5CECA1BFE28EB00B67F14 /* AppDelegate.swift in Sources */,
				E5FD65071C010F4400A6B382 /* DBTableViewController.swift in Sources */,
				E5C5CEFA1BFE2E5E00B67F14 /* Product.swift in Sources */,
				E596C9281C13350200EFCEBE /* ProductDetailTableViewController.swift in Sources */,
			);
			runOnlyForDeploymentPostprocessing = 0;
		};
		E5C5CED61BFE28EB00B67F14 /* Sources */ = {
			isa = PBXSourcesBuildPhase;
			buildActionMask = 2147483647;
			files = (
			);
			runOnlyForDeploymentPostprocessing = 0;
		};
		E5C5CEE11BFE28EB00B67F14 /* Sources */ = {
			isa = PBXSourcesBuildPhase;
			buildActionMask = 2147483647;
			files = (
			);
			runOnlyForDeploymentPostprocessing = 0;
		};
/* End PBXSourcesBuildPhase section */

/* Begin PBXTargetDependency section */
		E5C5CEDC1BFE28EB00B67F14 /* PBXTargetDependency */ = {
			isa = PBXTargetDependency;
			target = E5C5CEC51BFE28EB00B67F14 /* Food Planner */;
			targetProxy = E5C5CEDB1BFE28EB00B67F14 /* PBXContainerItemProxy */;
		};
		E5C5CEE71BFE28EB00B67F14 /* PBXTargetDependency */ = {
			isa = PBXTargetDependency;
			target = E5C5CEC51BFE28EB00B67F14 /* Food Planner */;
			targetProxy = E5C5CEE61BFE28EB00B67F14 /* PBXContainerItemProxy */;
		};
/* End PBXTargetDependency section */

/* Begin PBXVariantGroup section */
		E5C5CECD1BFE28EB00B67F14 /* Main.storyboard */ = {
			isa = PBXVariantGroup;
			children = (
				E5C5CECE1BFE28EB00B67F14 /* Base */,
			);
			name = Main.storyboard;
			sourceTree = "<group>";
		};
/* End PBXVariantGroup section */

/* Begin XCBuildConfiguration section */
		E5C5CEEC1BFE28EB00B67F14 /* Debug */ = {
			isa = XCBuildConfiguration;
			buildSettings = {
				ALWAYS_SEARCH_USER_PATHS = NO;
				CLANG_CXX_LANGUAGE_STANDARD = "gnu++0x";
				CLANG_CXX_LIBRARY = "libc++";
				CLANG_ENABLE_MODULES = YES;
				CLANG_ENABLE_OBJC_ARC = YES;
				CLANG_WARN_BOOL_CONVERSION = YES;
				CLANG_WARN_CONSTANT_CONVERSION = YES;
				CLANG_WARN_DIRECT_OBJC_ISA_USAGE = YES_ERROR;
				CLANG_WARN_EMPTY_BODY = YES;
				CLANG_WARN_ENUM_CONVERSION = YES;
				CLANG_WARN_INT_CONVERSION = YES;
				CLANG_WARN_OBJC_ROOT_CLASS = YES_ERROR;
				CLANG_WARN_UNREACHABLE_CODE = YES;
				CLANG_WARN__DUPLICATE_METHOD_MATCH = YES;
				"CODE_SIGN_IDENTITY[sdk=iphoneos*]" = "iPhone Developer";
				COPY_PHASE_STRIP = NO;
				DEBUG_INFORMATION_FORMAT = dwarf;
				ENABLE_STRICT_OBJC_MSGSEND = YES;
				ENABLE_TESTABILITY = YES;
				GCC_C_LANGUAGE_STANDARD = gnu99;
				GCC_DYNAMIC_NO_PIC = NO;
				GCC_NO_COMMON_BLOCKS = YES;
				GCC_OPTIMIZATION_LEVEL = 0;
				GCC_PREPROCESSOR_DEFINITIONS = (
					"DEBUG=1",
					"$(inherited)",
				);
				GCC_WARN_64_TO_32_BIT_CONVERSION = YES;
				GCC_WARN_ABOUT_RETURN_TYPE = YES_ERROR;
				GCC_WARN_UNDECLARED_SELECTOR = YES;
				GCC_WARN_UNINITIALIZED_AUTOS = YES_AGGRESSIVE;
				GCC_WARN_UNUSED_FUNCTION = YES;
				GCC_WARN_UNUSED_VARIABLE = YES;
				IPHONEOS_DEPLOYMENT_TARGET = 9.1;
				MTL_ENABLE_DEBUG_INFO = YES;
				ONLY_ACTIVE_ARCH = YES;
				SDKROOT = iphoneos;
				SWIFT_OPTIMIZATION_LEVEL = "-Onone";
			};
			name = Debug;
		};
		E5C5CEED1BFE28EB00B67F14 /* Release */ = {
			isa = XCBuildConfiguration;
			buildSettings = {
				ALWAYS_SEARCH_USER_PATHS = NO;
				CLANG_CXX_LANGUAGE_STANDARD = "gnu++0x";
				CLANG_CXX_LIBRARY = "libc++";
				CLANG_ENABLE_MODULES = YES;
				CLANG_ENABLE_OBJC_ARC = YES;
				CLANG_WARN_BOOL_CONVERSION = YES;
				CLANG_WARN_CONSTANT_CONVERSION = YES;
				CLANG_WARN_DIRECT_OBJC_ISA_USAGE = YES_ERROR;
				CLANG_WARN_EMPTY_BODY = YES;
				CLANG_WARN_ENUM_CONVERSION = YES;
				CLANG_WARN_INT_CONVERSION = YES;
				CLANG_WARN_OBJC_ROOT_CLASS = YES_ERROR;
				CLANG_WARN_UNREACHABLE_CODE = YES;
				CLANG_WARN__DUPLICATE_METHOD_MATCH = YES;
				"CODE_SIGN_IDENTITY[sdk=iphoneos*]" = "iPhone Developer";
				COPY_PHASE_STRIP = NO;
				DEBUG_INFORMATION_FORMAT = "dwarf-with-dsym";
				ENABLE_NS_ASSERTIONS = NO;
				ENABLE_STRICT_OBJC_MSGSEND = YES;
				GCC_C_LANGUAGE_STANDARD = gnu99;
				GCC_NO_COMMON_BLOCKS = YES;
				GCC_WARN_64_TO_32_BIT_CONVERSION = YES;
				GCC_WARN_ABOUT_RETURN_TYPE = YES_ERROR;
				GCC_WARN_UNDECLARED_SELECTOR = YES;
				GCC_WARN_UNINITIALIZED_AUTOS = YES_AGGRESSIVE;
				GCC_WARN_UNUSED_FUNCTION = YES;
				GCC_WARN_UNUSED_VARIABLE = YES;
				IPHONEOS_DEPLOYMENT_TARGET = 9.1;
				MTL_ENABLE_DEBUG_INFO = NO;
				SDKROOT = iphoneos;
				VALIDATE_PRODUCT = YES;
			};
			name = Release;
		};
		E5C5CEEF1BFE28EB00B67F14 /* Debug */ = {
			isa = XCBuildConfiguration;
			buildSettings = {
				ASSETCATALOG_COMPILER_APPICON_NAME = AppIcon;
				CODE_SIGN_IDENTITY = "iPhone Developer";
				"CODE_SIGN_IDENTITY[sdk=iphoneos*]" = "iPhone Developer";
				FRAMEWORK_SEARCH_PATHS = (
					"$(inherited)",
					"$(PROJECT_DIR)/Food",
					Planner,
					"$(PROJECT_DIR)/Food",
					Planner,
					"$(PROJECT_DIR)/Food",
					Planner,
					"$(PROJECT_DIR)/Food",
					Planner,
					"$(PROJECT_DIR)/Food",
					Planner,
					"$(PROJECT_DIR)/Food",
					Planner,
					"$(PROJECT_DIR)/Food",
					Planner,
					"$(PROJECT_DIR)/Food",
					Planner,
					"$(PROJECT_DIR)/Food",
					Planner,
					"$(PROJECT_DIR)",
				);
				INFOPLIST_FILE = "Food Planner/Info.plist";
				LD_RUNPATH_SEARCH_PATHS = "$(inherited) @executable_path/Frameworks";
				PRODUCT_BUNDLE_IDENTIFIER = "com.example.Food-Planner";
				PRODUCT_NAME = "$(TARGET_NAME)";
				PROVISIONING_PROFILE = "";
			};
			name = Debug;
		};
		E5C5CEF01BFE28EB00B67F14 /* Release */ = {
			isa = XCBuildConfiguration;
			buildSettings = {
				ASSETCATALOG_COMPILER_APPICON_NAME = AppIcon;
				CODE_SIGN_IDENTITY = "iPhone Developer";
				"CODE_SIGN_IDENTITY[sdk=iphoneos*]" = "iPhone Developer";
				FRAMEWORK_SEARCH_PATHS = (
					"$(inherited)",
					"$(PROJECT_DIR)/Food",
					Planner,
					"$(PROJECT_DIR)/Food",
					Planner,
					"$(PROJECT_DIR)/Food",
					Planner,
					"$(PROJECT_DIR)/Food",
					Planner,
					"$(PROJECT_DIR)/Food",
					Planner,
					"$(PROJECT_DIR)/Food",
					Planner,
					"$(PROJECT_DIR)/Food",
					Planner,
					"$(PROJECT_DIR)/Food",
					Planner,
					"$(PROJECT_DIR)/Food",
					Planner,
					"$(PROJECT_DIR)",
				);
				INFOPLIST_FILE = "Food Planner/Info.plist";
				LD_RUNPATH_SEARCH_PATHS = "$(inherited) @executable_path/Frameworks";
				PRODUCT_BUNDLE_IDENTIFIER = "com.example.Food-Planner";
				PRODUCT_NAME = "$(TARGET_NAME)";
				PROVISIONING_PROFILE = "";
			};
			name = Release;
		};
		E5C5CEF21BFE28EB00B67F14 /* Debug */ = {
			isa = XCBuildConfiguration;
			buildSettings = {
				BUNDLE_LOADER = "$(TEST_HOST)";
				INFOPLIST_FILE = "Food PlannerTests/Info.plist";
				LD_RUNPATH_SEARCH_PATHS = "$(inherited) @executable_path/Frameworks @loader_path/Frameworks";
				PRODUCT_BUNDLE_IDENTIFIER = "com.example.Food-PlannerTests";
				PRODUCT_NAME = "$(TARGET_NAME)";
				TEST_HOST = "$(BUILT_PRODUCTS_DIR)/Food Planner.app/Food Planner";
			};
			name = Debug;
		};
		E5C5CEF31BFE28EB00B67F14 /* Release */ = {
			isa = XCBuildConfiguration;
			buildSettings = {
				BUNDLE_LOADER = "$(TEST_HOST)";
				INFOPLIST_FILE = "Food PlannerTests/Info.plist";
				LD_RUNPATH_SEARCH_PATHS = "$(inherited) @executable_path/Frameworks @loader_path/Frameworks";
				PRODUCT_BUNDLE_IDENTIFIER = "com.example.Food-PlannerTests";
				PRODUCT_NAME = "$(TARGET_NAME)";
				TEST_HOST = "$(BUILT_PRODUCTS_DIR)/Food Planner.app/Food Planner";
			};
			name = Release;
		};
		E5C5CEF51BFE28EB00B67F14 /* Debug */ = {
			isa = XCBuildConfiguration;
			buildSettings = {
				INFOPLIST_FILE = "Food PlannerUITests/Info.plist";
				LD_RUNPATH_SEARCH_PATHS = "$(inherited) @executable_path/Frameworks @loader_path/Frameworks";
				PRODUCT_BUNDLE_IDENTIFIER = "com.example.Food-PlannerUITests";
				PRODUCT_NAME = "$(TARGET_NAME)";
				TEST_TARGET_NAME = "Food Planner";
				USES_XCTRUNNER = YES;
			};
			name = Debug;
		};
		E5C5CEF61BFE28EB00B67F14 /* Release */ = {
			isa = XCBuildConfiguration;
			buildSettings = {
				INFOPLIST_FILE = "Food PlannerUITests/Info.plist";
				LD_RUNPATH_SEARCH_PATHS = "$(inherited) @executable_path/Frameworks @loader_path/Frameworks";
				PRODUCT_BUNDLE_IDENTIFIER = "com.example.Food-PlannerUITests";
				PRODUCT_NAME = "$(TARGET_NAME)";
				TEST_TARGET_NAME = "Food Planner";
				USES_XCTRUNNER = YES;
			};
			name = Release;
		};
/* End XCBuildConfiguration section */

/* Begin XCConfigurationList section */
		E5C5CEC11BFE28EB00B67F14 /* Build configuration list for PBXProject "Food Planner" */ = {
			isa = XCConfigurationList;
			buildConfigurations = (
				E5C5CEEC1BFE28EB00B67F14 /* Debug */,
				E5C5CEED1BFE28EB00B67F14 /* Release */,
			);
			defaultConfigurationIsVisible = 0;
			defaultConfigurationName = Release;
		};
		E5C5CEEE1BFE28EB00B67F14 /* Build configuration list for PBXNativeTarget "Food Planner" */ = {
			isa = XCConfigurationList;
			buildConfigurations = (
				E5C5CEEF1BFE28EB00B67F14 /* Debug */,
				E5C5CEF01BFE28EB00B67F14 /* Release */,
			);
			defaultConfigurationIsVisible = 0;
			defaultConfigurationName = Release;
		};
		E5C5CEF11BFE28EB00B67F14 /* Build configuration list for PBXNativeTarget "Food PlannerTests" */ = {
			isa = XCConfigurationList;
			buildConfigurations = (
				E5C5CEF21BFE28EB00B67F14 /* Debug */,
				E5C5CEF31BFE28EB00B67F14 /* Release */,
			);
			defaultConfigurationIsVisible = 0;
			defaultConfigurationName = Release;
		};
		E5C5CEF41BFE28EB00B67F14 /* Build configuration list for PBXNativeTarget "Food PlannerUITests" */ = {
			isa = XCConfigurationList;
			buildConfigurations = (
				E5C5CEF51BFE28EB00B67F14 /* Debug */,
				E5C5CEF61BFE28EB00B67F14 /* Release */,
			);
			defaultConfigurationIsVisible = 0;
			defaultConfigurationName = Release;
		};
/* End XCConfigurationList section */
	};
	rootObject = E5C5CEBE1BFE28EB00B67F14 /* Project object */;
}
